
Microsoft Visual Studio Solution File, Format Version 12.00
# Visual Studio Version 16
VisualStudioVersion = 16.0.29123.89
MinimumVisualStudioVersion = 10.0.40219.1
Project("{9A19103F-16F7-4668-BE54-9A1E7A4F7556}") = "Xpandables.Standards", "Xpandables.Standards\Xpandables.Standards.csproj", "{C74CD16E-4655-4BD4-B7D5-2C5BA817AEBF}"
EndProject
Project("{9A19103F-16F7-4668-BE54-9A1E7A4F7556}") = "Xpandables.EntityFramework", "Xpandables.EntityFramework\Xpandables.EntityFramework.csproj", "{B5909E08-3168-4815-8016-5A8C4D4FB744}"
EndProject
Project("{FAE04EC0-301F-11D3-BF4B-00C04F79EFBC}") = "Xpandables.Tests", "Xpandables.Tests\Xpandables.Tests.csproj", "{DDE473E7-4DE5-420B-914E-821AF5C5B93B}"
EndProject
Project("{FAE04EC0-301F-11D3-BF4B-00C04F79EFBC}") = "Xpandables.Core", "Xpandables.Core\Xpandables.Core.csproj", "{519BACA2-7E90-4C67-9179-A01F51CF4AF3}"
EndProject
Global
	GlobalSection(SolutionConfigurationPlatforms) = preSolution
		Debug|Any CPU = Debug|Any CPU
		Debug|x64 = Debug|x64
		Release|Any CPU = Release|Any CPU
		Release|x64 = Release|x64
	EndGlobalSection
	GlobalSection(ProjectConfigurationPlatforms) = postSolution
		{C74CD16E-4655-4BD4-B7D5-2C5BA817AEBF}.Debug|Any CPU.ActiveCfg = Debug|x64
		{C74CD16E-4655-4BD4-B7D5-2C5BA817AEBF}.Debug|x64.ActiveCfg = Debug|x64
		{C74CD16E-4655-4BD4-B7D5-2C5BA817AEBF}.Debug|x64.Build.0 = Debug|x64
		{C74CD16E-4655-4BD4-B7D5-2C5BA817AEBF}.Release|Any CPU.ActiveCfg = Release|x64
		{C74CD16E-4655-4BD4-B7D5-2C5BA817AEBF}.Release|x64.ActiveCfg = Release|x64
		{C74CD16E-4655-4BD4-B7D5-2C5BA817AEBF}.Release|x64.Build.0 = Release|x64
		{B5909E08-3168-4815-8016-5A8C4D4FB744}.Debug|Any CPU.ActiveCfg = Debug|x64
		{B5909E08-3168-4815-8016-5A8C4D4FB744}.Debug|x64.ActiveCfg = Debug|x64
		{B5909E08-3168-4815-8016-5A8C4D4FB744}.Debug|x64.Build.0 = Debug|x64
		{B5909E08-3168-4815-8016-5A8C4D4FB744}.Release|Any CPU.ActiveCfg = Release|x64
		{B5909E08-3168-4815-8016-5A8C4D4FB744}.Release|x64.ActiveCfg = Release|x64
		{B5909E08-3168-4815-8016-5A8C4D4FB744}.Release|x64.Build.0 = Release|x64
		{DDE473E7-4DE5-420B-914E-821AF5C5B93B}.Debug|Any CPU.ActiveCfg = Debug|Any CPU
		{DDE473E7-4DE5-420B-914E-821AF5C5B93B}.Debug|Any CPU.Build.0 = Debug|Any CPU
		{DDE473E7-4DE5-420B-914E-821AF5C5B93B}.Debug|x64.ActiveCfg = Debug|x64
		{DDE473E7-4DE5-420B-914E-821AF5C5B93B}.Debug|x64.Build.0 = Debug|x64
		{DDE473E7-4DE5-420B-914E-821AF5C5B93B}.Release|Any CPU.ActiveCfg = Release|Any CPU
		{DDE473E7-4DE5-420B-914E-821AF5C5B93B}.Release|Any CPU.Build.0 = Release|Any CPU
		{DDE473E7-4DE5-420B-914E-821AF5C5B93B}.Release|x64.ActiveCfg = Release|x64
		{DDE473E7-4DE5-420B-914E-821AF5C5B93B}.Release|x64.Build.0 = Release|x64
		{519BACA2-7E90-4C67-9179-A01F51CF4AF3}.Debug|Any CPU.ActiveCfg = Debug|x64
		{519BACA2-7E90-4C67-9179-A01F51CF4AF3}.Debug|x64.ActiveCfg = Debug|x64
		{519BACA2-7E90-4C67-9179-A01F51CF4AF3}.Debug|x64.Build.0 = Debug|x64
		{519BACA2-7E90-4C67-9179-A01F51CF4AF3}.Release|Any CPU.ActiveCfg = Release|x64
		{519BACA2-7E90-4C67-9179-A01F51CF4AF3}.Release|x64.ActiveCfg = Release|x64
		{519BACA2-7E90-4C67-9179-A01F51CF4AF3}.Release|x64.Build.0 = Release|x64
	EndGlobalSection
	GlobalSection(SolutionProperties) = preSolution
		HideSolutionNode = FALSE
	EndGlobalSection
	GlobalSection(ExtensibilityGlobals) = postSolution
		SolutionGuid = {4D649C06-974F-4BEC-A0A2-4B6605D65BCF}
	EndGlobalSection
EndGlobal
